
Microsoft Visual Studio Solution File, Format Version 12.00
# Visual Studio 14
VisualStudioVersion = 14.0.22310.1
MinimumVisualStudioVersion = 10.0.40219.1
Project("{FAE04EC0-301F-11D3-BF4B-00C04F79EFBC}") = "Problem23", "Problem23\Problem23.csproj", "{8687B2CD-7532-4216-A988-0931D583359C}"
EndProject
Project("{FAE04EC0-301F-11D3-BF4B-00C04F79EFBC}") = "Problem23.Tests", "Problem23.Tests\Problem23.Tests.csproj", "{EAC97061-5F03-4DC3-BB90-1F562B1550EF}"
EndProject
Global
	GlobalSection(SolutionConfigurationPlatforms) = preSolution
		Debug|Any CPU = Debug|Any CPU
		Release|Any CPU = Release|Any CPU
	EndGlobalSection
	GlobalSection(ProjectConfigurationPlatforms) = postSolution
		{8687B2CD-7532-4216-A988-0931D583359C}.Debug|Any CPU.ActiveCfg = Debug|Any CPU
		{8687B2CD-7532-4216-A988-0931D583359C}.Debug|Any CPU.Build.0 = Debug|Any CPU
		{8687B2CD-7532-4216-A988-0931D583359C}.Release|Any CPU.ActiveCfg = Release|Any CPU
		{8687B2CD-7532-4216-A988-0931D583359C}.Release|Any CPU.Build.0 = Release|Any CPU
		{EAC97061-5F03-4DC3-BB90-1F562B1550EF}.Debug|Any CPU.ActiveCfg = Debug|Any CPU
		{EAC97061-5F03-4DC3-BB90-1F562B1550EF}.Debug|Any CPU.Build.0 = Debug|Any CPU
		{EAC97061-5F03-4DC3-BB90-1F562B1550EF}.Release|Any CPU.ActiveCfg = Release|Any CPU
		{EAC97061-5F03-4DC3-BB90-1F562B1550EF}.Release|Any CPU.Build.0 = Release|Any CPU
	EndGlobalSection
	GlobalSection(SolutionProperties) = preSolution
		HideSolutionNode = FALSE
	EndGlobalSection
EndGlobal
