
Microsoft Visual Studio Solution File, Format Version 11.00
# Visual Studio 2010
Project("{FAE04EC0-301F-11D3-BF4B-00C04F79EFBC}") = "Problem12", "Problem12\Problem12.csproj", "{9D55A0B2-1732-4559-B185-CBF6B5194D03}"
EndProject
Global
	GlobalSection(SolutionConfigurationPlatforms) = preSolution
		Debug|x86 = Debug|x86
		Release|x86 = Release|x86
	EndGlobalSection
	GlobalSection(ProjectConfigurationPlatforms) = postSolution
		{9D55A0B2-1732-4559-B185-CBF6B5194D03}.Debug|x86.ActiveCfg = Debug|x86
		{9D55A0B2-1732-4559-B185-CBF6B5194D03}.Debug|x86.Build.0 = Debug|x86
		{9D55A0B2-1732-4559-B185-CBF6B5194D03}.Release|x86.ActiveCfg = Release|x86
		{9D55A0B2-1732-4559-B185-CBF6B5194D03}.Release|x86.Build.0 = Release|x86
	EndGlobalSection
	GlobalSection(SolutionProperties) = preSolution
		HideSolutionNode = FALSE
	EndGlobalSection
EndGlobal
