
Microsoft Visual Studio Solution File, Format Version 12.00
# Visual Studio 14
VisualStudioVersion = 14.0.22310.1
MinimumVisualStudioVersion = 10.0.40219.1
Project("{FAE04EC0-301F-11D3-BF4B-00C04F79EFBC}") = "Problem24", "Problem24\Problem24.csproj", "{3650D991-E5A9-4C04-BDD9-2C4F619F7616}"
EndProject
Project("{FAE04EC0-301F-11D3-BF4B-00C04F79EFBC}") = "Problem24.Tests", "Problem24.Tests\Problem24.Tests.csproj", "{D039D743-EA92-458A-A430-904A0BD01E07}"
EndProject
Global
	GlobalSection(SolutionConfigurationPlatforms) = preSolution
		Debug|Any CPU = Debug|Any CPU
		Release|Any CPU = Release|Any CPU
	EndGlobalSection
	GlobalSection(ProjectConfigurationPlatforms) = postSolution
		{3650D991-E5A9-4C04-BDD9-2C4F619F7616}.Debug|Any CPU.ActiveCfg = Debug|Any CPU
		{3650D991-E5A9-4C04-BDD9-2C4F619F7616}.Debug|Any CPU.Build.0 = Debug|Any CPU
		{3650D991-E5A9-4C04-BDD9-2C4F619F7616}.Release|Any CPU.ActiveCfg = Release|Any CPU
		{3650D991-E5A9-4C04-BDD9-2C4F619F7616}.Release|Any CPU.Build.0 = Release|Any CPU
		{D039D743-EA92-458A-A430-904A0BD01E07}.Debug|Any CPU.ActiveCfg = Debug|Any CPU
		{D039D743-EA92-458A-A430-904A0BD01E07}.Debug|Any CPU.Build.0 = Debug|Any CPU
		{D039D743-EA92-458A-A430-904A0BD01E07}.Release|Any CPU.ActiveCfg = Release|Any CPU
		{D039D743-EA92-458A-A430-904A0BD01E07}.Release|Any CPU.Build.0 = Release|Any CPU
	EndGlobalSection
	GlobalSection(SolutionProperties) = preSolution
		HideSolutionNode = FALSE
	EndGlobalSection
EndGlobal
